{
  "version": 4,
  "terraform_version": "1.14.0",
  "serial": 22,
  "lineage": "cf53c4c8-8241-6f3b-82d0-c8b5cec029cd",
  "outputs": {
    "readme_bucket_name": {
      "value": "ed45-readme-generator-output-bucket-l40g2oly",
      "type": "string"
    }
  },
  "resources": [
    {
      "mode": "data",
      "type": "archive_file",
      "name": "repo_scanner_zip",
      "provider": "provider[\"registry.terraform.io/hashicorp/archive\"]",
      "instances": [
        {
          "schema_version": 0,
          "attributes": {
            "exclude_symlink_directories": null,
            "excludes": null,
            "id": "5f45db8313299637ec2d18772ad357a215930574",
            "output_base64sha256": "wooFa2HB/L4jwDzstGOxK7Sae8wjP4lKT5C56iXTU74=",
            "output_base64sha512": "205NPPottLbFSsUlEPBGH+EOUAk1dHFCZK+hyF2p5NDlPgreFG01873KTFfUDyicoiMspVnkA7Sf/ofHT0iwlw==",
            "output_file_mode": null,
            "output_md5": "1f89c9528ce1f35d9156012aab724768",
            "output_path": "./dist/repo_scanner.zip",
            "output_sha": "5f45db8313299637ec2d18772ad357a215930574",
            "output_sha256": "c28a056b61c1fcbe23c03cecb463b12bb49a7bcc233f894a4f90b9ea25d353be",
            "output_sha512": "db4e4d3cfa2db4b6c54ac52510f0461fe10e50093574714264afa1c85da9e4d0e53e0ade146d35f3bdca4c57d40f289ca2232ca559e403b49ffe87c74f48b097",
            "output_size": 1150,
            "source": [],
            "source_content": null,
            "source_content_filename": null,
            "source_dir": "./src/repo_scanner",
            "source_file": null,
            "type": "zip"
          },
          "sensitive_attributes": [],
          "identity_schema_version": 0
        }
      ]
    },
    {
      "mode": "managed",
      "type": "aws_bedrockagent_agent_action_group",
      "name": "repo_scanner_action_group",
      "provider": "provider[\"registry.terraform.io/hashicorp/aws\"]",
      "instances": [
        {
          "schema_version": 0,
          "attributes": {
            "action_group_executor": [
              {
                "custom_control": null,
                "lambda": "arn:aws:lambda:us-east-1:388691194728:function:ed45-RepoScannerTool"
              }
            ],
            "action_group_id": "J4EPQ2YUO7",
            "action_group_name": "ScanRepoAction",
            "action_group_state": "ENABLED",
            "agent_id": "FKL73Q8D6J",
            "agent_version": "DRAFT",
            "api_schema": [
              {
                "payload": "{\n    \"openapi\": \"3.0.0\",\n    \"info\": {\n        \"title\": \"Repository Scanner\",\n        \"version\": \"1.0.0\",\n        \"description\": \"API for scanning a Git repository and listing its files.\"\n    },\n    \"paths\": {\n        \"/scan-repo\": {\n            \"post\": {\n                \"summary\": \"Scans a public Git repository and returns a list of its files.\",\n                \"description\": \"This tool takes a public GitHub repository URL, clones it, and lists all the files inside it. Use this when a user wants you to analyze a GitHub repository.\",\n                \"requestBody\": {\n                    \"required\": true,\n                    \"content\": {\n                        \"application/json\": {\n                            \"schema\": {\n                                \"type\": \"object\",\n                                \"properties\": {\n                                    \"repo_url\": {\n                                        \"type\": \"string\",\n                                        \"description\": \"The full URL of the public GitHub repository to scan.\"\n                                    }\n                                },\n                                \"required\": [\n                                    \"repo_url\"\n                                ]\n                            }\n                        }\n                    }\n                },\n                \"responses\": {\n                    \"200\": {\n                        \"description\": \"A JSON object containing a list of file paths.\",\n                        \"content\": {\n                            \"application/json\": {\n                                \"schema\": {\n                                    \"type\": \"object\",\n                                    \"properties\": {\n                                        \"files\": {\n                                            \"type\": \"array\",\n                                            \"items\": {\n                                                \"type\": \"string\"\n                                            }\n                                        }\n                                    }\n                                }\n                            }\n                        }\n                    }\n                }\n            }\n        }\n    }\n}\n",
                "s3": []
              }
            ],
            "description": null,
            "function_schema": [],
            "id": "J4EPQ2YUO7,FKL73Q8D6J,DRAFT",
            "parent_action_group_signature": null,
            "prepare_agent": true,
            "skip_resource_in_use_check": false,
            "timeouts": null
          },
          "sensitive_attributes": [],
          "identity_schema_version": 0,
          "dependencies": [
            "aws_lambda_function.repo_scanner_lambda",
            "data.archive_file.repo_scanner_zip",
            "module.bedrock_agent_role.aws_iam_role.this",
            "module.lambda_execution_role.aws_iam_role.this",
            "module.repo_scanner_agent.aws_bedrockagent_agent.this"
          ]
        }
      ]
    },
    {
      "mode": "managed",
      "type": "aws_lambda_function",
      "name": "repo_scanner_lambda",
      "provider": "provider[\"registry.terraform.io/hashicorp/aws\"]",
      "instances": [
        {
          "schema_version": 0,
          "attributes": {
            "architectures": [
              "x86_64"
            ],
            "arn": "arn:aws:lambda:us-east-1:388691194728:function:ed45-RepoScannerTool",
            "code_sha256": "wooFa2HB/L4jwDzstGOxK7Sae8wjP4lKT5C56iXTU74=",
            "code_signing_config_arn": "",
            "dead_letter_config": [],
            "description": "",
            "environment": [],
            "ephemeral_storage": [
              {
                "size": 512
              }
            ],
            "file_system_config": [],
            "filename": "./dist/repo_scanner.zip",
            "function_name": "ed45-RepoScannerTool",
            "handler": "lambda_function.handler",
            "id": "ed45-RepoScannerTool",
            "image_config": [],
            "image_uri": "",
            "invoke_arn": "arn:aws:apigateway:us-east-1:lambda:path/2015-03-31/functions/arn:aws:lambda:us-east-1:388691194728:function:ed45-RepoScannerTool/invocations",
            "kms_key_arn": "",
            "last_modified": "2026-03-17T01:39:32.485+0000",
            "layers": [
              "arn:aws:lambda:us-east-1:553035198032:layer:git-lambda2:8"
            ],
            "logging_config": [
              {
                "application_log_level": "",
                "log_format": "Text",
                "log_group": "/aws/lambda/ed45-RepoScannerTool",
                "system_log_level": ""
              }
            ],
            "memory_size": 128,
            "package_type": "Zip",
            "publish": false,
            "qualified_arn": "arn:aws:lambda:us-east-1:388691194728:function:ed45-RepoScannerTool:$LATEST",
            "qualified_invoke_arn": "arn:aws:apigateway:us-east-1:lambda:path/2015-03-31/functions/arn:aws:lambda:us-east-1:388691194728:function:ed45-RepoScannerTool:$LATEST/invocations",
            "replace_security_groups_on_destroy": null,
            "replacement_security_group_ids": null,
            "reserved_concurrent_executions": -1,
            "role": "arn:aws:iam::388691194728:role/ed45-ReadmeGeneratorLambdaExecutionRole",
            "runtime": "python3.12",
            "s3_bucket": null,
            "s3_key": null,
            "s3_object_version": null,
            "signing_job_arn": "",
            "signing_profile_version_arn": "",
            "skip_destroy": false,
            "snap_start": [],
            "source_code_hash": "wooFa2HB/L4jwDzstGOxK7Sae8wjP4lKT5C56iXTU74=",
            "source_code_size": 1150,
            "tags": {},
            "tags_all": {},
            "timeout": 30,
            "timeouts": null,
            "tracing_config": [
              {
                "mode": "PassThrough"
              }
            ],
            "version": "$LATEST",
            "vpc_config": []
          },
          "sensitive_attributes": [],
          "identity_schema_version": 0,
          "private": "eyJlMmJmYjczMC1lY2FhLTExZTYtOGY4OC0zNDM2M2JjN2M0YzAiOnsiY3JlYXRlIjo2MDAwMDAwMDAwMDAsImRlbGV0ZSI6NjAwMDAwMDAwMDAwLCJ1cGRhdGUiOjYwMDAwMDAwMDAwMH19",
          "dependencies": [
            "data.archive_file.repo_scanner_zip",
            "module.lambda_execution_role.aws_iam_role.this"
          ]
        }
      ]
    },
    {
      "mode": "managed",
      "type": "aws_lambda_permission",
      "name": "allow_bedrock_to_invoke_lambda",
      "provider": "provider[\"registry.terraform.io/hashicorp/aws\"]",
      "instances": [
        {
          "schema_version": 0,
          "attributes": {
            "action": "lambda:InvokeFunction",
            "event_source_token": null,
            "function_name": "ed45-RepoScannerTool",
            "function_url_auth_type": null,
            "id": "AllowBedrockToInvokeRepoScannerLambda",
            "principal": "bedrock.amazonaws.com",
            "principal_org_id": null,
            "qualifier": "",
            "source_account": null,
            "source_arn": "arn:aws:bedrock:us-east-1:388691194728:agent/FKL73Q8D6J",
            "statement_id": "AllowBedrockToInvokeRepoScannerLambda",
            "statement_id_prefix": ""
          },
          "sensitive_attributes": [],
          "identity_schema_version": 0,
          "private": "bnVsbA==",
          "dependencies": [
            "aws_lambda_function.repo_scanner_lambda",
            "data.archive_file.repo_scanner_zip",
            "module.bedrock_agent_role.aws_iam_role.this",
            "module.lambda_execution_role.aws_iam_role.this",
            "module.repo_scanner_agent.aws_bedrockagent_agent.this"
          ]
        }
      ]
    },
    {
      "mode": "managed",
      "type": "random_string",
      "name": "suffix",
      "provider": "provider[\"registry.terraform.io/hashicorp/random\"]",
      "instances": [
        {
          "schema_version": 2,
          "attributes": {
            "id": "l40g2oly",
            "keepers": null,
            "length": 8,
            "lower": true,
            "min_lower": 0,
            "min_numeric": 0,
            "min_special": 0,
            "min_upper": 0,
            "number": true,
            "numeric": true,
            "override_special": null,
            "result": "l40g2oly",
            "special": false,
            "upper": false
          },
          "sensitive_attributes": [],
          "identity_schema_version": 0
        }
      ]
    },
    {
      "module": "module.bedrock_agent_role",
      "mode": "managed",
      "type": "aws_iam_role",
      "name": "this",
      "provider": "provider[\"registry.terraform.io/hashicorp/aws\"]",
      "instances": [
        {
          "schema_version": 0,
          "attributes": {
            "arn": "arn:aws:iam::388691194728:role/ed45-ReadmeGeneratorBedrockAgentRole",
            "assume_role_policy": "{\"Statement\":[{\"Action\":\"sts:AssumeRole\",\"Effect\":\"Allow\",\"Principal\":{\"Service\":[\"bedrock.amazonaws.com\"]}}],\"Version\":\"2012-10-17\"}",
            "create_date": "2026-03-17T01:20:28Z",
            "description": "",
            "force_detach_policies": false,
            "id": "ed45-ReadmeGeneratorBedrockAgentRole",
            "inline_policy": [],
            "managed_policy_arns": [
              "arn:aws:iam::aws:policy/AmazonBedrockFullAccess"
            ],
            "max_session_duration": 3600,
            "name": "ed45-ReadmeGeneratorBedrockAgentRole",
            "name_prefix": "",
            "path": "/",
            "permissions_boundary": "",
            "tags": {},
            "tags_all": {},
            "unique_id": "AROAVU76M6NUEEG34SAJ4"
          },
          "sensitive_attributes": [],
          "identity_schema_version": 0,
          "private": "bnVsbA=="
        }
      ]
    },
    {
      "module": "module.bedrock_agent_role",
      "mode": "managed",
      "type": "aws_iam_role_policy_attachment",
      "name": "this",
      "provider": "provider[\"registry.terraform.io/hashicorp/aws\"]",
      "instances": [
        {
          "index_key": "arn:aws:iam::aws:policy/AmazonBedrockFullAccess",
          "schema_version": 0,
          "attributes": {
            "id": "ed45-ReadmeGeneratorBedrockAgentRole-20260317012028986600000001",
            "policy_arn": "arn:aws:iam::aws:policy/AmazonBedrockFullAccess",
            "role": "ed45-ReadmeGeneratorBedrockAgentRole"
          },
          "sensitive_attributes": [],
          "identity_schema_version": 0,
          "private": "bnVsbA==",
          "dependencies": [
            "module.bedrock_agent_role.aws_iam_role.this"
          ]
        }
      ]
    },
    {
      "module": "module.lambda_execution_role",
      "mode": "managed",
      "type": "aws_iam_role",
      "name": "this",
      "provider": "provider[\"registry.terraform.io/hashicorp/aws\"]",
      "instances": [
        {
          "schema_version": 0,
          "attributes": {
            "arn": "arn:aws:iam::388691194728:role/ed45-ReadmeGeneratorLambdaExecutionRole",
            "assume_role_policy": "{\"Statement\":[{\"Action\":\"sts:AssumeRole\",\"Effect\":\"Allow\",\"Principal\":{\"Service\":[\"lambda.amazonaws.com\"]}}],\"Version\":\"2012-10-17\"}",
            "create_date": "2026-03-17T01:20:28Z",
            "description": "",
            "force_detach_policies": false,
            "id": "ed45-ReadmeGeneratorLambdaExecutionRole",
            "inline_policy": [],
            "managed_policy_arns": [
              "arn:aws:iam::aws:policy/service-role/AWSLambdaBasicExecutionRole"
            ],
            "max_session_duration": 3600,
            "name": "ed45-ReadmeGeneratorLambdaExecutionRole",
            "name_prefix": "",
            "path": "/",
            "permissions_boundary": "",
            "tags": {},
            "tags_all": {},
            "unique_id": "AROAVU76M6NUAX2QLGBVB"
          },
          "sensitive_attributes": [],
          "identity_schema_version": 0,
          "private": "bnVsbA=="
        }
      ]
    },
    {
      "module": "module.lambda_execution_role",
      "mode": "managed",
      "type": "aws_iam_role_policy_attachment",
      "name": "this",
      "provider": "provider[\"registry.terraform.io/hashicorp/aws\"]",
      "instances": [
        {
          "index_key": "arn:aws:iam::aws:policy/service-role/AWSLambdaBasicExecutionRole",
          "schema_version": 0,
          "attributes": {
            "id": "ed45-ReadmeGeneratorLambdaExecutionRole-20260317012028988600000002",
            "policy_arn": "arn:aws:iam::aws:policy/service-role/AWSLambdaBasicExecutionRole",
            "role": "ed45-ReadmeGeneratorLambdaExecutionRole"
          },
          "sensitive_attributes": [],
          "identity_schema_version": 0,
          "private": "bnVsbA==",
          "dependencies": [
            "module.lambda_execution_role.aws_iam_role.this"
          ]
        }
      ]
    },
    {
      "module": "module.repo_scanner_agent",
      "mode": "managed",
      "type": "aws_bedrockagent_agent",
      "name": "this",
      "provider": "provider[\"registry.terraform.io/hashicorp/aws\"]",
      "instances": [
        {
          "schema_version": 0,
          "attributes": {
            "agent_arn": "arn:aws:bedrock:us-east-1:388691194728:agent/FKL73Q8D6J",
            "agent_collaboration": "DISABLED",
            "agent_id": "FKL73Q8D6J",
            "agent_name": "ed45-Repo_Scanner_Agent",
            "agent_resource_role_arn": "arn:aws:iam::388691194728:role/ed45-ReadmeGeneratorBedrockAgentRole",
            "agent_version": null,
            "customer_encryption_key_arn": null,
            "description": null,
            "foundation_model": "anthropic.claude-3-sonnet-20240229-v1:0",
            "guardrail_configuration": null,
            "id": "FKL73Q8D6J",
            "idle_session_ttl_in_seconds": 600,
            "instruction": "Your job is to use the scan_repo tool to get a file list from a public GitHub URL. You are a helpful AI assistant. When a user provides a GitHub URL, you must use the available tool to scan it.",
            "memory_configuration": null,
            "prepare_agent": true,
            "prepared_at": "2026-03-17T01:52:52Z",
            "prompt_override_configuration": [
              {
                "override_lambda": null,
                "prompt_configurations": null
              }
            ],
            "skip_resource_in_use_check": false,
            "tags": null,
            "tags_all": {},
            "timeouts": null
          },
          "sensitive_attributes": [],
          "identity_schema_version": 0,
          "dependencies": [
            "module.bedrock_agent_role.aws_iam_role.this"
          ]
        }
      ]
    },
    {
      "module": "module.s3_bucket",
      "mode": "managed",
      "type": "aws_s3_bucket",
      "name": "this",
      "provider": "provider[\"registry.terraform.io/hashicorp/aws\"]",
      "instances": [
        {
          "schema_version": 0,
          "attributes": {
            "acceleration_status": "",
            "acl": null,
            "arn": "arn:aws:s3:::ed45-readme-generator-output-bucket-l40g2oly",
            "bucket": "ed45-readme-generator-output-bucket-l40g2oly",
            "bucket_domain_name": "ed45-readme-generator-output-bucket-l40g2oly.s3.amazonaws.com",
            "bucket_prefix": "",
            "bucket_regional_domain_name": "ed45-readme-generator-output-bucket-l40g2oly.s3.us-east-1.amazonaws.com",
            "cors_rule": [],
            "force_destroy": false,
            "grant": [
              {
                "id": "49562c83d471dd15f8c6ee618c77064b9bb47803fa60e09a243c8b9327ef7ebb",
                "permissions": [
                  "FULL_CONTROL"
                ],
                "type": "CanonicalUser",
                "uri": ""
              }
            ],
            "hosted_zone_id": "Z3AQBSTGFYJSTF",
            "id": "ed45-readme-generator-output-bucket-l40g2oly",
            "lifecycle_rule": [],
            "logging": [],
            "object_lock_configuration": [],
            "object_lock_enabled": false,
            "policy": "",
            "region": "us-east-1",
            "replication_configuration": [],
            "request_payer": "BucketOwner",
            "server_side_encryption_configuration": [
              {
                "rule": [
                  {
                    "apply_server_side_encryption_by_default": [
                      {
                        "kms_master_key_id": "",
                        "sse_algorithm": "AES256"
                      }
                    ],
                    "bucket_key_enabled": false
                  }
                ]
              }
            ],
            "tags": {},
            "tags_all": {},
            "timeouts": null,
            "versioning": [
              {
                "enabled": false,
                "mfa_delete": false
              }
            ],
            "website": [],
            "website_domain": null,
            "website_endpoint": null
          },
          "sensitive_attributes": [],
          "identity_schema_version": 0,
          "private": "eyJlMmJmYjczMC1lY2FhLTExZTYtOGY4OC0zNDM2M2JjN2M0YzAiOnsiY3JlYXRlIjoxMjAwMDAwMDAwMDAwLCJkZWxldGUiOjM2MDAwMDAwMDAwMDAsInJlYWQiOjEyMDAwMDAwMDAwMDAsInVwZGF0ZSI6MTIwMDAwMDAwMDAwMH19",
          "dependencies": [
            "random_string.suffix"
          ]
        }
      ]
    }
  ],
  "check_results": null
}
